// !$*UTF8*$!
{
	archiveVersion = 1;
	classes = {
	};
	objectVersion = 56;
	objects = {

/* Begin PBXBuildFile section */
		181340F32A1628580064C760 /* UIView+.swift in Sources */ = {isa = PBXBuildFile; fileRef = 181340F22A1628580064C760 /* UIView+.swift */; };
		181340F52A163AE90064C760 /* DetailCountryInfo.swift in Sources */ = {isa = PBXBuildFile; fileRef = 181340F42A163AE90064C760 /* DetailCountryInfo.swift */; };
		18CC635C2A0E376400EDD37C /* AppDelegate.swift in Sources */ = {isa = PBXBuildFile; fileRef = 18CC635B2A0E376400EDD37C /* AppDelegate.swift */; };
		18CC635E2A0E376400EDD37C /* SceneDelegate.swift in Sources */ = {isa = PBXBuildFile; fileRef = 18CC635D2A0E376400EDD37C /* SceneDelegate.swift */; };
		18CC63652A0E376500EDD37C /* Assets.xcassets in Resources */ = {isa = PBXBuildFile; fileRef = 18CC63642A0E376500EDD37C /* Assets.xcassets */; };
		18CC63682A0E376500EDD37C /* LaunchScreen.storyboard in Resources */ = {isa = PBXBuildFile; fileRef = 18CC63662A0E376500EDD37C /* LaunchScreen.storyboard */; };
		18CC63732A0E376600EDD37C /* Geographic_atlasTests.swift in Sources */ = {isa = PBXBuildFile; fileRef = 18CC63722A0E376600EDD37C /* Geographic_atlasTests.swift */; };
		18CC637D2A0E376600EDD37C /* Geographic_atlasUITests.swift in Sources */ = {isa = PBXBuildFile; fileRef = 18CC637C2A0E376600EDD37C /* Geographic_atlasUITests.swift */; };
		18CC637F2A0E376600EDD37C /* Geographic_atlasUITestsLaunchTests.swift in Sources */ = {isa = PBXBuildFile; fileRef = 18CC637E2A0E376600EDD37C /* Geographic_atlasUITestsLaunchTests.swift */; };
		18CC63912A0E3A7F00EDD37C /* CountriesListViewModel.swift in Sources */ = {isa = PBXBuildFile; fileRef = 18CC63902A0E3A7F00EDD37C /* CountriesListViewModel.swift */; };
		18CC63942A0E3AC600EDD37C /* CountryDetailsViewController.swift in Sources */ = {isa = PBXBuildFile; fileRef = 18CC63922A0E3AC600EDD37C /* CountryDetailsViewController.swift */; };
		18CC63952A0E3AC600EDD37C /* CountryDetailsViewController.xib in Resources */ = {isa = PBXBuildFile; fileRef = 18CC63932A0E3AC600EDD37C /* CountryDetailsViewController.xib */; };
		18CC63982A0E3CC500EDD37C /* SkeletonView in Frameworks */ = {isa = PBXBuildFile; productRef = 18CC63972A0E3CC500EDD37C /* SkeletonView */; };
		18CC639B2A0E3CDD00EDD37C /* Kingfisher in Frameworks */ = {isa = PBXBuildFile; productRef = 18CC639A2A0E3CDD00EDD37C /* Kingfisher */; };
		18CC639E2A0E40B700EDD37C /* CountriesListViewController.swift in Sources */ = {isa = PBXBuildFile; fileRef = 18CC639C2A0E40B700EDD37C /* CountriesListViewController.swift */; };
		18CC639F2A0E40B700EDD37C /* CountriesListViewController.xib in Resources */ = {isa = PBXBuildFile; fileRef = 18CC639D2A0E40B700EDD37C /* CountriesListViewController.xib */; };
		18CC63A42A0E418E00EDD37C /* URLs.swift in Sources */ = {isa = PBXBuildFile; fileRef = 18CC63A32A0E418E00EDD37C /* URLs.swift */; };
		18CC63A72A0E44EA00EDD37C /* NetworkManager.swift in Sources */ = {isa = PBXBuildFile; fileRef = 18CC63A62A0E44EA00EDD37C /* NetworkManager.swift */; };
		18CC63AA2A0E4BA100EDD37C /* CountriesRespounce.swift in Sources */ = {isa = PBXBuildFile; fileRef = 18CC63A92A0E4BA100EDD37C /* CountriesRespounce.swift */; };
		18CC63AD2A0F753A00EDD37C /* CountryTableViewCell.swift in Sources */ = {isa = PBXBuildFile; fileRef = 18CC63AB2A0F753A00EDD37C /* CountryTableViewCell.swift */; };
		18CC63AE2A0F753A00EDD37C /* CountryTableViewCell.xib in Resources */ = {isa = PBXBuildFile; fileRef = 18CC63AC2A0F753A00EDD37C /* CountryTableViewCell.xib */; };
/* End PBXBuildFile section */

/* Begin PBXContainerItemProxy section */
		18CC636F2A0E376600EDD37C /* PBXContainerItemProxy */ = {
			isa = PBXContainerItemProxy;
			containerPortal = 18CC63502A0E376400EDD37C /* Project object */;
			proxyType = 1;
			remoteGlobalIDString = 18CC63572A0E376400EDD37C;
			remoteInfo = "Geographic-atlas";
		};
		18CC63792A0E376600EDD37C /* PBXContainerItemProxy */ = {
			isa = PBXContainerItemProxy;
			containerPortal = 18CC63502A0E376400EDD37C /* Project object */;
			proxyType = 1;
			remoteGlobalIDString = 18CC63572A0E376400EDD37C;
			remoteInfo = "Geographic-atlas";
		};
/* End PBXContainerItemProxy section */

/* Begin PBXFileReference section */
		181340F22A1628580064C760 /* UIView+.swift */ = {isa = PBXFileReference; lastKnownFileType = sourcecode.swift; path = "UIView+.swift"; sourceTree = "<group>"; };
		181340F42A163AE90064C760 /* DetailCountryInfo.swift */ = {isa = PBXFileReference; lastKnownFileType = sourcecode.swift; path = DetailCountryInfo.swift; sourceTree = "<group>"; };
		18CC63582A0E376400EDD37C /* Geographic-atlas.app */ = {isa = PBXFileReference; explicitFileType = wrapper.application; includeInIndex = 0; path = "Geographic-atlas.app"; sourceTree = BUILT_PRODUCTS_DIR; };
		18CC635B2A0E376400EDD37C /* AppDelegate.swift */ = {isa = PBXFileReference; lastKnownFileType = sourcecode.swift; path = AppDelegate.swift; sourceTree = "<group>"; };
		18CC635D2A0E376400EDD37C /* SceneDelegate.swift */ = {isa = PBXFileReference; lastKnownFileType = sourcecode.swift; path = SceneDelegate.swift; sourceTree = "<group>"; };
		18CC63642A0E376500EDD37C /* Assets.xcassets */ = {isa = PBXFileReference; lastKnownFileType = folder.assetcatalog; path = Assets.xcassets; sourceTree = "<group>"; };
		18CC63672A0E376500EDD37C /* Base */ = {isa = PBXFileReference; lastKnownFileType = file.storyboard; name = Base; path = Base.lproj/LaunchScreen.storyboard; sourceTree = "<group>"; };
		18CC63692A0E376500EDD37C /* Info.plist */ = {isa = PBXFileReference; lastKnownFileType = text.plist.xml; path = Info.plist; sourceTree = "<group>"; };
		18CC636E2A0E376600EDD37C /* Geographic-atlasTests.xctest */ = {isa = PBXFileReference; explicitFileType = wrapper.cfbundle; includeInIndex = 0; path = "Geographic-atlasTests.xctest"; sourceTree = BUILT_PRODUCTS_DIR; };
		18CC63722A0E376600EDD37C /* Geographic_atlasTests.swift */ = {isa = PBXFileReference; lastKnownFileType = sourcecode.swift; path = Geographic_atlasTests.swift; sourceTree = "<group>"; };
		18CC63782A0E376600EDD37C /* Geographic-atlasUITests.xctest */ = {isa = PBXFileReference; explicitFileType = wrapper.cfbundle; includeInIndex = 0; path = "Geographic-atlasUITests.xctest"; sourceTree = BUILT_PRODUCTS_DIR; };
		18CC637C2A0E376600EDD37C /* Geographic_atlasUITests.swift */ = {isa = PBXFileReference; lastKnownFileType = sourcecode.swift; path = Geographic_atlasUITests.swift; sourceTree = "<group>"; };
		18CC637E2A0E376600EDD37C /* Geographic_atlasUITestsLaunchTests.swift */ = {isa = PBXFileReference; lastKnownFileType = sourcecode.swift; path = Geographic_atlasUITestsLaunchTests.swift; sourceTree = "<group>"; };
		18CC63902A0E3A7F00EDD37C /* CountriesListViewModel.swift */ = {isa = PBXFileReference; lastKnownFileType = sourcecode.swift; path = CountriesListViewModel.swift; sourceTree = "<group>"; };
		18CC63922A0E3AC600EDD37C /* CountryDetailsViewController.swift */ = {isa = PBXFileReference; lastKnownFileType = sourcecode.swift; path = CountryDetailsViewController.swift; sourceTree = "<group>"; };
		18CC63932A0E3AC600EDD37C /* CountryDetailsViewController.xib */ = {isa = PBXFileReference; lastKnownFileType = file.xib; path = CountryDetailsViewController.xib; sourceTree = "<group>"; };
		18CC639C2A0E40B700EDD37C /* CountriesListViewController.swift */ = {isa = PBXFileReference; lastKnownFileType = sourcecode.swift; path = CountriesListViewController.swift; sourceTree = "<group>"; };
		18CC639D2A0E40B700EDD37C /* CountriesListViewController.xib */ = {isa = PBXFileReference; lastKnownFileType = file.xib; path = CountriesListViewController.xib; sourceTree = "<group>"; };
		18CC63A32A0E418E00EDD37C /* URLs.swift */ = {isa = PBXFileReference; lastKnownFileType = sourcecode.swift; path = URLs.swift; sourceTree = "<group>"; };
		18CC63A62A0E44EA00EDD37C /* NetworkManager.swift */ = {isa = PBXFileReference; lastKnownFileType = sourcecode.swift; path = NetworkManager.swift; sourceTree = "<group>"; };
		18CC63A92A0E4BA100EDD37C /* CountriesRespounce.swift */ = {isa = PBXFileReference; lastKnownFileType = sourcecode.swift; path = CountriesRespounce.swift; sourceTree = "<group>"; };
		18CC63AB2A0F753A00EDD37C /* CountryTableViewCell.swift */ = {isa = PBXFileReference; lastKnownFileType = sourcecode.swift; path = CountryTableViewCell.swift; sourceTree = "<group>"; };
		18CC63AC2A0F753A00EDD37C /* CountryTableViewCell.xib */ = {isa = PBXFileReference; lastKnownFileType = file.xib; path = CountryTableViewCell.xib; sourceTree = "<group>"; };
/* End PBXFileReference section */

/* Begin PBXFrameworksBuildPhase section */
		18CC63552A0E376400EDD37C /* Frameworks */ = {
			isa = PBXFrameworksBuildPhase;
			buildActionMask = 2147483647;
			files = (
				18CC639B2A0E3CDD00EDD37C /* Kingfisher in Frameworks */,
				18CC63982A0E3CC500EDD37C /* SkeletonView in Frameworks */,
			);
			runOnlyForDeploymentPostprocessing = 0;
		};
		18CC636B2A0E376600EDD37C /* Frameworks */ = {
			isa = PBXFrameworksBuildPhase;
			buildActionMask = 2147483647;
			files = (
			);
			runOnlyForDeploymentPostprocessing = 0;
		};
		18CC63752A0E376600EDD37C /* Frameworks */ = {
			isa = PBXFrameworksBuildPhase;
			buildActionMask = 2147483647;
			files = (
			);
			runOnlyForDeploymentPostprocessing = 0;
		};
/* End PBXFrameworksBuildPhase section */

/* Begin PBXGroup section */
		181340F12A16283F0064C760 /* UIKit+ */ = {
			isa = PBXGroup;
			children = (
				181340F22A1628580064C760 /* UIView+.swift */,
			);
			path = "UIKit+";
			sourceTree = "<group>";
		};
		18CC634F2A0E376400EDD37C = {
			isa = PBXGroup;
			children = (
				18CC635A2A0E376400EDD37C /* Geographic-atlas */,
				181340F12A16283F0064C760 /* UIKit+ */,
				18CC63712A0E376600EDD37C /* Geographic-atlasTests */,
				18CC637B2A0E376600EDD37C /* Geographic-atlasUITests */,
				18CC63592A0E376400EDD37C /* Products */,
			);
			sourceTree = "<group>";
		};
		18CC63592A0E376400EDD37C /* Products */ = {
			isa = PBXGroup;
			children = (
				18CC63582A0E376400EDD37C /* Geographic-atlas.app */,
				18CC636E2A0E376600EDD37C /* Geographic-atlasTests.xctest */,
				18CC63782A0E376600EDD37C /* Geographic-atlasUITests.xctest */,
			);
			name = Products;
			sourceTree = "<group>";
		};
		18CC635A2A0E376400EDD37C /* Geographic-atlas */ = {
			isa = PBXGroup;
			children = (
				18CC635B2A0E376400EDD37C /* AppDelegate.swift */,
				18CC635D2A0E376400EDD37C /* SceneDelegate.swift */,
				18CC638B2A0E38A200EDD37C /* Modules */,
				18CC63A82A0E4B3900EDD37C /* Models */,
				18CC63A52A0E419600EDD37C /* Managers */,
				18CC63A22A0E417800EDD37C /* Helper */,
				18CC638E2A0E393B00EDD37C /* Resources */,
			);
			path = "Geographic-atlas";
			sourceTree = "<group>";
		};
		18CC63712A0E376600EDD37C /* Geographic-atlasTests */ = {
			isa = PBXGroup;
			children = (
				18CC63722A0E376600EDD37C /* Geographic_atlasTests.swift */,
			);
			path = "Geographic-atlasTests";
			sourceTree = "<group>";
		};
		18CC637B2A0E376600EDD37C /* Geographic-atlasUITests */ = {
			isa = PBXGroup;
			children = (
				18CC637C2A0E376600EDD37C /* Geographic_atlasUITests.swift */,
				18CC637E2A0E376600EDD37C /* Geographic_atlasUITestsLaunchTests.swift */,
			);
			path = "Geographic-atlasUITests";
			sourceTree = "<group>";
		};
		18CC638B2A0E38A200EDD37C /* Modules */ = {
			isa = PBXGroup;
			children = (
				18CC638C2A0E38CE00EDD37C /* CountriesList */,
				18CC638D2A0E38D600EDD37C /* CountryDetails */,
			);
			path = Modules;
			sourceTree = "<group>";
		};
		18CC638C2A0E38CE00EDD37C /* CountriesList */ = {
			isa = PBXGroup;
			children = (
				18CC638F2A0E3A6400EDD37C /* Cells */,
				18CC639C2A0E40B700EDD37C /* CountriesListViewController.swift */,
				18CC63902A0E3A7F00EDD37C /* CountriesListViewModel.swift */,
				18CC639D2A0E40B700EDD37C /* CountriesListViewController.xib */,
			);
			path = CountriesList;
			sourceTree = "<group>";
		};
		18CC638D2A0E38D600EDD37C /* CountryDetails */ = {
			isa = PBXGroup;
			children = (
				18CC63922A0E3AC600EDD37C /* CountryDetailsViewController.swift */,
				18CC63932A0E3AC600EDD37C /* CountryDetailsViewController.xib */,
			);
			path = CountryDetails;
			sourceTree = "<group>";
		};
		18CC638E2A0E393B00EDD37C /* Resources */ = {
			isa = PBXGroup;
			children = (
				18CC63642A0E376500EDD37C /* Assets.xcassets */,
				18CC63662A0E376500EDD37C /* LaunchScreen.storyboard */,
				18CC63692A0E376500EDD37C /* Info.plist */,
			);
			path = Resources;
			sourceTree = "<group>";
		};
		18CC638F2A0E3A6400EDD37C /* Cells */ = {
			isa = PBXGroup;
			children = (
				18CC63AB2A0F753A00EDD37C /* CountryTableViewCell.swift */,
				18CC63AC2A0F753A00EDD37C /* CountryTableViewCell.xib */,
			);
			path = Cells;
			sourceTree = "<group>";
		};
		18CC63A22A0E417800EDD37C /* Helper */ = {
			isa = PBXGroup;
			children = (
				18CC63A32A0E418E00EDD37C /* URLs.swift */,
			);
			path = Helper;
			sourceTree = "<group>";
		};
		18CC63A52A0E419600EDD37C /* Managers */ = {
			isa = PBXGroup;
			children = (
				18CC63A62A0E44EA00EDD37C /* NetworkManager.swift */,
			);
			path = Managers;
			sourceTree = "<group>";
		};
		18CC63A82A0E4B3900EDD37C /* Models */ = {
			isa = PBXGroup;
			children = (
				18CC63A92A0E4BA100EDD37C /* CountriesRespounce.swift */,
				181340F42A163AE90064C760 /* DetailCountryInfo.swift */,
			);
			path = Models;
			sourceTree = "<group>";
		};
/* End PBXGroup section */

/* Begin PBXNativeTarget section */
		18CC63572A0E376400EDD37C /* Geographic-atlas */ = {
			isa = PBXNativeTarget;
			buildConfigurationList = 18CC63822A0E376600EDD37C /* Build configuration list for PBXNativeTarget "Geographic-atlas" */;
			buildPhases = (
				18CC63542A0E376400EDD37C /* Sources */,
				18CC63552A0E376400EDD37C /* Frameworks */,
				18CC63562A0E376400EDD37C /* Resources */,
			);
			buildRules = (
			);
			dependencies = (
			);
			name = "Geographic-atlas";
			packageProductDependencies = (
				18CC63972A0E3CC500EDD37C /* SkeletonView */,
				18CC639A2A0E3CDD00EDD37C /* Kingfisher */,
			);
			productName = "Geographic-atlas";
			productReference = 18CC63582A0E376400EDD37C /* Geographic-atlas.app */;
			productType = "com.apple.product-type.application";
		};
		18CC636D2A0E376600EDD37C /* Geographic-atlasTests */ = {
			isa = PBXNativeTarget;
			buildConfigurationList = 18CC63852A0E376600EDD37C /* Build configuration list for PBXNativeTarget "Geographic-atlasTests" */;
			buildPhases = (
				18CC636A2A0E376600EDD37C /* Sources */,
				18CC636B2A0E376600EDD37C /* Frameworks */,
				18CC636C2A0E376600EDD37C /* Resources */,
			);
			buildRules = (
			);
			dependencies = (
				18CC63702A0E376600EDD37C /* PBXTargetDependency */,
			);
			name = "Geographic-atlasTests";
			productName = "Geographic-atlasTests";
			productReference = 18CC636E2A0E376600EDD37C /* Geographic-atlasTests.xctest */;
			productType = "com.apple.product-type.bundle.unit-test";
		};
		18CC63772A0E376600EDD37C /* Geographic-atlasUITests */ = {
			isa = PBXNativeTarget;
			buildConfigurationList = 18CC63882A0E376600EDD37C /* Build configuration list for PBXNativeTarget "Geographic-atlasUITests" */;
			buildPhases = (
				18CC63742A0E376600EDD37C /* Sources */,
				18CC63752A0E376600EDD37C /* Frameworks */,
				18CC63762A0E376600EDD37C /* Resources */,
			);
			buildRules = (
			);
			dependencies = (
				18CC637A2A0E376600EDD37C /* PBXTargetDependency */,
			);
			name = "Geographic-atlasUITests";
			productName = "Geographic-atlasUITests";
			productReference = 18CC63782A0E376600EDD37C /* Geographic-atlasUITests.xctest */;
			productType = "com.apple.product-type.bundle.ui-testing";
		};
/* End PBXNativeTarget section */

/* Begin PBXProject section */
		18CC63502A0E376400EDD37C /* Project object */ = {
			isa = PBXProject;
			attributes = {
				BuildIndependentTargetsInParallel = 1;
				LastSwiftUpdateCheck = 1430;
				LastUpgradeCheck = 1430;
				TargetAttributes = {
					18CC63572A0E376400EDD37C = {
						CreatedOnToolsVersion = 14.3;
					};
					18CC636D2A0E376600EDD37C = {
						CreatedOnToolsVersion = 14.3;
						TestTargetID = 18CC63572A0E376400EDD37C;
					};
					18CC63772A0E376600EDD37C = {
						CreatedOnToolsVersion = 14.3;
						TestTargetID = 18CC63572A0E376400EDD37C;
					};
				};
			};
			buildConfigurationList = 18CC63532A0E376400EDD37C /* Build configuration list for PBXProject "Geographic-atlas" */;
			compatibilityVersion = "Xcode 14.0";
			developmentRegion = en;
			hasScannedForEncodings = 0;
			knownRegions = (
				en,
				Base,
			);
			mainGroup = 18CC634F2A0E376400EDD37C;
			packageReferences = (
				18CC63962A0E3CC500EDD37C /* XCRemoteSwiftPackageReference "SkeletonView" */,
				18CC63992A0E3CDD00EDD37C /* XCRemoteSwiftPackageReference "Kingfisher" */,
			);
			productRefGroup = 18CC63592A0E376400EDD37C /* Products */;
			projectDirPath = "";
			projectRoot = "";
			targets = (
				18CC63572A0E376400EDD37C /* Geographic-atlas */,
				18CC636D2A0E376600EDD37C /* Geographic-atlasTests */,
				18CC63772A0E376600EDD37C /* Geographic-atlasUITests */,
			);
		};
/* End PBXProject section */

/* Begin PBXResourcesBuildPhase section */
		18CC63562A0E376400EDD37C /* Resources */ = {
			isa = PBXResourcesBuildPhase;
			buildActionMask = 2147483647;
			files = (
				18CC63952A0E3AC600EDD37C /* CountryDetailsViewController.xib in Resources */,
				18CC63682A0E376500EDD37C /* LaunchScreen.storyboard in Resources */,
				18CC63652A0E376500EDD37C /* Assets.xcassets in Resources */,
				18CC639F2A0E40B700EDD37C /* CountriesListViewController.xib in Resources */,
				18CC63AE2A0F753A00EDD37C /* CountryTableViewCell.xib in Resources */,
			);
			runOnlyForDeploymentPostprocessing = 0;
		};
		18CC636C2A0E376600EDD37C /* Resources */ = {
			isa = PBXResourcesBuildPhase;
			buildActionMask = 2147483647;
			files = (
			);
			runOnlyForDeploymentPostprocessing = 0;
		};
		18CC63762A0E376600EDD37C /* Resources */ = {
			isa = PBXResourcesBuildPhase;
			buildActionMask = 2147483647;
			files = (
			);
			runOnlyForDeploymentPostprocessing = 0;
		};
/* End PBXResourcesBuildPhase section */

/* Begin PBXSourcesBuildPhase section */
		18CC63542A0E376400EDD37C /* Sources */ = {
			isa = PBXSourcesBuildPhase;
			buildActionMask = 2147483647;
			files = (
				181340F32A1628580064C760 /* UIView+.swift in Sources */,
				18CC635C2A0E376400EDD37C /* AppDelegate.swift in Sources */,
				18CC63942A0E3AC600EDD37C /* CountryDetailsViewController.swift in Sources */,
				18CC63A42A0E418E00EDD37C /* URLs.swift in Sources */,
				18CC63AD2A0F753A00EDD37C /* CountryTableViewCell.swift in Sources */,
				18CC63A72A0E44EA00EDD37C /* NetworkManager.swift in Sources */,
				18CC635E2A0E376400EDD37C /* SceneDelegate.swift in Sources */,
				18CC63AA2A0E4BA100EDD37C /* CountriesRespounce.swift in Sources */,
				181340F52A163AE90064C760 /* DetailCountryInfo.swift in Sources */,
				18CC63912A0E3A7F00EDD37C /* CountriesListViewModel.swift in Sources */,
				18CC639E2A0E40B700EDD37C /* CountriesListViewController.swift in Sources */,
			);
			runOnlyForDeploymentPostprocessing = 0;
		};
		18CC636A2A0E376600EDD37C /* Sources */ = {
			isa = PBXSourcesBuildPhase;
			buildActionMask = 2147483647;
			files = (
				18CC63732A0E376600EDD37C /* Geographic_atlasTests.swift in Sources */,
			);
			runOnlyForDeploymentPostprocessing = 0;
		};
		18CC63742A0E376600EDD37C /* Sources */ = {
			isa = PBXSourcesBuildPhase;
			buildActionMask = 2147483647;
			files = (
				18CC637D2A0E376600EDD37C /* Geographic_atlasUITests.swift in Sources */,
				18CC637F2A0E376600EDD37C /* Geographic_atlasUITestsLaunchTests.swift in Sources */,
			);
			runOnlyForDeploymentPostprocessing = 0;
		};
/* End PBXSourcesBuildPhase section */

/* Begin PBXTargetDependency section */
		18CC63702A0E376600EDD37C /* PBXTargetDependency */ = {
			isa = PBXTargetDependency;
			target = 18CC63572A0E376400EDD37C /* Geographic-atlas */;
			targetProxy = 18CC636F2A0E376600EDD37C /* PBXContainerItemProxy */;
		};
		18CC637A2A0E376600EDD37C /* PBXTargetDependency */ = {
			isa = PBXTargetDependency;
			target = 18CC63572A0E376400EDD37C /* Geographic-atlas */;
			targetProxy = 18CC63792A0E376600EDD37C /* PBXContainerItemProxy */;
		};
/* End PBXTargetDependency section */

/* Begin PBXVariantGroup section */
		18CC63662A0E376500EDD37C /* LaunchScreen.storyboard */ = {
			isa = PBXVariantGroup;
			children = (
				18CC63672A0E376500EDD37C /* Base */,
			);
			name = LaunchScreen.storyboard;
			sourceTree = "<group>";
		};
/* End PBXVariantGroup section */

/* Begin XCBuildConfiguration section */
		18CC63802A0E376600EDD37C /* Debug */ = {
			isa = XCBuildConfiguration;
			buildSettings = {
				ALWAYS_SEARCH_USER_PATHS = NO;
				CLANG_ANALYZER_NONNULL = YES;
				CLANG_ANALYZER_NUMBER_OBJECT_CONVERSION = YES_AGGRESSIVE;
				CLANG_CXX_LANGUAGE_STANDARD = "gnu++20";
				CLANG_ENABLE_MODULES = YES;
				CLANG_ENABLE_OBJC_ARC = YES;
				CLANG_ENABLE_OBJC_WEAK = YES;
				CLANG_WARN_BLOCK_CAPTURE_AUTORELEASING = YES;
				CLANG_WARN_BOOL_CONVERSION = YES;
				CLANG_WARN_COMMA = YES;
				CLANG_WARN_CONSTANT_CONVERSION = YES;
				CLANG_WARN_DEPRECATED_OBJC_IMPLEMENTATIONS = YES;
				CLANG_WARN_DIRECT_OBJC_ISA_USAGE = YES_ERROR;
				CLANG_WARN_DOCUMENTATION_COMMENTS = YES;
				CLANG_WARN_EMPTY_BODY = YES;
				CLANG_WARN_ENUM_CONVERSION = YES;
				CLANG_WARN_INFINITE_RECURSION = YES;
				CLANG_WARN_INT_CONVERSION = YES;
				CLANG_WARN_NON_LITERAL_NULL_CONVERSION = YES;
				CLANG_WARN_OBJC_IMPLICIT_RETAIN_SELF = YES;
				CLANG_WARN_OBJC_LITERAL_CONVERSION = YES;
				CLANG_WARN_OBJC_ROOT_CLASS = YES_ERROR;
				CLANG_WARN_QUOTED_INCLUDE_IN_FRAMEWORK_HEADER = YES;
				CLANG_WARN_RANGE_LOOP_ANALYSIS = YES;
				CLANG_WARN_STRICT_PROTOTYPES = YES;
				CLANG_WARN_SUSPICIOUS_MOVE = YES;
				CLANG_WARN_UNGUARDED_AVAILABILITY = YES_AGGRESSIVE;
				CLANG_WARN_UNREACHABLE_CODE = YES;
				CLANG_WARN__DUPLICATE_METHOD_MATCH = YES;
				COPY_PHASE_STRIP = NO;
				DEBUG_INFORMATION_FORMAT = dwarf;
				ENABLE_STRICT_OBJC_MSGSEND = YES;
				ENABLE_TESTABILITY = YES;
				GCC_C_LANGUAGE_STANDARD = gnu11;
				GCC_DYNAMIC_NO_PIC = NO;
				GCC_NO_COMMON_BLOCKS = YES;
				GCC_OPTIMIZATION_LEVEL = 0;
				GCC_PREPROCESSOR_DEFINITIONS = (
					"DEBUG=1",
					"$(inherited)",
				);
				GCC_WARN_64_TO_32_BIT_CONVERSION = YES;
				GCC_WARN_ABOUT_RETURN_TYPE = YES_ERROR;
				GCC_WARN_UNDECLARED_SELECTOR = YES;
				GCC_WARN_UNINITIALIZED_AUTOS = YES_AGGRESSIVE;
				GCC_WARN_UNUSED_FUNCTION = YES;
				GCC_WARN_UNUSED_VARIABLE = YES;
				IPHONEOS_DEPLOYMENT_TARGET = 16.4;
				MTL_ENABLE_DEBUG_INFO = INCLUDE_SOURCE;
				MTL_FAST_MATH = YES;
				ONLY_ACTIVE_ARCH = YES;
				SDKROOT = iphoneos;
				SWIFT_ACTIVE_COMPILATION_CONDITIONS = DEBUG;
				SWIFT_OPTIMIZATION_LEVEL = "-Onone";
			};
			name = Debug;
		};
		18CC63812A0E376600EDD37C /* Release */ = {
			isa = XCBuildConfiguration;
			buildSettings = {
				ALWAYS_SEARCH_USER_PATHS = NO;
				CLANG_ANALYZER_NONNULL = YES;
				CLANG_ANALYZER_NUMBER_OBJECT_CONVERSION = YES_AGGRESSIVE;
				CLANG_CXX_LANGUAGE_STANDARD = "gnu++20";
				CLANG_ENABLE_MODULES = YES;
				CLANG_ENABLE_OBJC_ARC = YES;
				CLANG_ENABLE_OBJC_WEAK = YES;
				CLANG_WARN_BLOCK_CAPTURE_AUTORELEASING = YES;
				CLANG_WARN_BOOL_CONVERSION = YES;
				CLANG_WARN_COMMA = YES;
				CLANG_WARN_CONSTANT_CONVERSION = YES;
				CLANG_WARN_DEPRECATED_OBJC_IMPLEMENTATIONS = YES;
				CLANG_WARN_DIRECT_OBJC_ISA_USAGE = YES_ERROR;
				CLANG_WARN_DOCUMENTATION_COMMENTS = YES;
				CLANG_WARN_EMPTY_BODY = YES;
				CLANG_WARN_ENUM_CONVERSION = YES;
				CLANG_WARN_INFINITE_RECURSION = YES;
				CLANG_WARN_INT_CONVERSION = YES;
				CLANG_WARN_NON_LITERAL_NULL_CONVERSION = YES;
				CLANG_WARN_OBJC_IMPLICIT_RETAIN_SELF = YES;
				CLANG_WARN_OBJC_LITERAL_CONVERSION = YES;
				CLANG_WARN_OBJC_ROOT_CLASS = YES_ERROR;
				CLANG_WARN_QUOTED_INCLUDE_IN_FRAMEWORK_HEADER = YES;
				CLANG_WARN_RANGE_LOOP_ANALYSIS = YES;
				CLANG_WARN_STRICT_PROTOTYPES = YES;
				CLANG_WARN_SUSPICIOUS_MOVE = YES;
				CLANG_WARN_UNGUARDED_AVAILABILITY = YES_AGGRESSIVE;
				CLANG_WARN_UNREACHABLE_CODE = YES;
				CLANG_WARN__DUPLICATE_METHOD_MATCH = YES;
				COPY_PHASE_STRIP = NO;
				DEBUG_INFORMATION_FORMAT = "dwarf-with-dsym";
				ENABLE_NS_ASSERTIONS = NO;
				ENABLE_STRICT_OBJC_MSGSEND = YES;
				GCC_C_LANGUAGE_STANDARD = gnu11;
				GCC_NO_COMMON_BLOCKS = YES;
				GCC_WARN_64_TO_32_BIT_CONVERSION = YES;
				GCC_WARN_ABOUT_RETURN_TYPE = YES_ERROR;
				GCC_WARN_UNDECLARED_SELECTOR = YES;
				GCC_WARN_UNINITIALIZED_AUTOS = YES_AGGRESSIVE;
				GCC_WARN_UNUSED_FUNCTION = YES;
				GCC_WARN_UNUSED_VARIABLE = YES;
				IPHONEOS_DEPLOYMENT_TARGET = 16.4;
				MTL_ENABLE_DEBUG_INFO = NO;
				MTL_FAST_MATH = YES;
				SDKROOT = iphoneos;
				SWIFT_COMPILATION_MODE = wholemodule;
				SWIFT_OPTIMIZATION_LEVEL = "-O";
				VALIDATE_PRODUCT = YES;
			};
			name = Release;
		};
		18CC63832A0E376600EDD37C /* Debug */ = {
			isa = XCBuildConfiguration;
			buildSettings = {
				ASSETCATALOG_COMPILER_APPICON_NAME = AppIcon;
				ASSETCATALOG_COMPILER_GLOBAL_ACCENT_COLOR_NAME = AccentColor;
				CODE_SIGN_STYLE = Automatic;
				CURRENT_PROJECT_VERSION = 1;
				DEVELOPMENT_TEAM = R5H4JGLB35;
				GENERATE_INFOPLIST_FILE = YES;
				INFOPLIST_FILE = "Geographic-atlas/Resources/Info.plist";
				INFOPLIST_KEY_UIApplicationSupportsIndirectInputEvents = YES;
				INFOPLIST_KEY_UILaunchStoryboardName = LaunchScreen;
				INFOPLIST_KEY_UISupportedInterfaceOrientations_iPad = "UIInterfaceOrientationPortrait UIInterfaceOrientationPortraitUpsideDown UIInterfaceOrientationLandscapeLeft UIInterfaceOrientationLandscapeRight";
				INFOPLIST_KEY_UISupportedInterfaceOrientations_iPhone = "UIInterfaceOrientationPortrait UIInterfaceOrientationLandscapeLeft UIInterfaceOrientationLandscapeRight";
				LD_RUNPATH_SEARCH_PATHS = (
					"$(inherited)",
					"@executable_path/Frameworks",
				);
				MARKETING_VERSION = 1.0;
				PRODUCT_BUNDLE_IDENTIFIER = "isaev.Geographic-atlas";
				PRODUCT_NAME = "$(TARGET_NAME)";
				SWIFT_EMIT_LOC_STRINGS = YES;
				SWIFT_VERSION = 5.0;
				TARGETED_DEVICE_FAMILY = "1,2";
			};
			name = Debug;
		};
		18CC63842A0E376600EDD37C /* Release */ = {
			isa = XCBuildConfiguration;
			buildSettings = {
				ASSETCATALOG_COMPILER_APPICON_NAME = AppIcon;
				ASSETCATALOG_COMPILER_GLOBAL_ACCENT_COLOR_NAME = AccentColor;
				CODE_SIGN_STYLE = Automatic;
				CURRENT_PROJECT_VERSION = 1;
				DEVELOPMENT_TEAM = R5H4JGLB35;
				GENERATE_INFOPLIST_FILE = YES;
				INFOPLIST_FILE = "Geographic-atlas/Resources/Info.plist";
				INFOPLIST_KEY_UIApplicationSupportsIndirectInputEvents = YES;
				INFOPLIST_KEY_UILaunchStoryboardName = LaunchScreen;
				INFOPLIST_KEY_UISupportedInterfaceOrientations_iPad = "UIInterfaceOrientationPortrait UIInterfaceOrientationPortraitUpsideDown UIInterfaceOrientationLandscapeLeft UIInterfaceOrientationLandscapeRight";
				INFOPLIST_KEY_UISupportedInterfaceOrientations_iPhone = "UIInterfaceOrientationPortrait UIInterfaceOrientationLandscapeLeft UIInterfaceOrientationLandscapeRight";
				LD_RUNPATH_SEARCH_PATHS = (
					"$(inherited)",
					"@executable_path/Frameworks",
				);
				MARKETING_VERSION = 1.0;
				PRODUCT_BUNDLE_IDENTIFIER = "isaev.Geographic-atlas";
				PRODUCT_NAME = "$(TARGET_NAME)";
				SWIFT_EMIT_LOC_STRINGS = YES;
				SWIFT_VERSION = 5.0;
				TARGETED_DEVICE_FAMILY = "1,2";
			};
			name = Release;
		};
		18CC63862A0E376600EDD37C /* Debug */ = {
			isa = XCBuildConfiguration;
			buildSettings = {
				ALWAYS_EMBED_SWIFT_STANDARD_LIBRARIES = YES;
				BUNDLE_LOADER = "$(TEST_HOST)";
				CODE_SIGN_STYLE = Automatic;
				CURRENT_PROJECT_VERSION = 1;
				DEVELOPMENT_TEAM = R5H4JGLB35;
				GENERATE_INFOPLIST_FILE = YES;
				IPHONEOS_DEPLOYMENT_TARGET = 16.4;
				MARKETING_VERSION = 1.0;
				PRODUCT_BUNDLE_IDENTIFIER = "isaev.Geographic-atlasTests";
				PRODUCT_NAME = "$(TARGET_NAME)";
				SWIFT_EMIT_LOC_STRINGS = NO;
				SWIFT_VERSION = 5.0;
				TARGETED_DEVICE_FAMILY = "1,2";
				TEST_HOST = "$(BUILT_PRODUCTS_DIR)/Geographic-atlas.app/$(BUNDLE_EXECUTABLE_FOLDER_PATH)/Geographic-atlas";
			};
			name = Debug;
		};
		18CC63872A0E376600EDD37C /* Release */ = {
			isa = XCBuildConfiguration;
			buildSettings = {
				ALWAYS_EMBED_SWIFT_STANDARD_LIBRARIES = YES;
				BUNDLE_LOADER = "$(TEST_HOST)";
				CODE_SIGN_STYLE = Automatic;
				CURRENT_PROJECT_VERSION = 1;
				DEVELOPMENT_TEAM = R5H4JGLB35;
				GENERATE_INFOPLIST_FILE = YES;
				IPHONEOS_DEPLOYMENT_TARGET = 16.4;
				MARKETING_VERSION = 1.0;
				PRODUCT_BUNDLE_IDENTIFIER = "isaev.Geographic-atlasTests";
				PRODUCT_NAME = "$(TARGET_NAME)";
				SWIFT_EMIT_LOC_STRINGS = NO;
				SWIFT_VERSION = 5.0;
				TARGETED_DEVICE_FAMILY = "1,2";
				TEST_HOST = "$(BUILT_PRODUCTS_DIR)/Geographic-atlas.app/$(BUNDLE_EXECUTABLE_FOLDER_PATH)/Geographic-atlas";
			};
			name = Release;
		};
		18CC63892A0E376600EDD37C /* Debug */ = {
			isa = XCBuildConfiguration;
			buildSettings = {
				ALWAYS_EMBED_SWIFT_STANDARD_LIBRARIES = YES;
				CODE_SIGN_STYLE = Automatic;
				CURRENT_PROJECT_VERSION = 1;
				DEVELOPMENT_TEAM = R5H4JGLB35;
				GENERATE_INFOPLIST_FILE = YES;
				MARKETING_VERSION = 1.0;
				PRODUCT_BUNDLE_IDENTIFIER = "isaev.Geographic-atlasUITests";
				PRODUCT_NAME = "$(TARGET_NAME)";
				SWIFT_EMIT_LOC_STRINGS = NO;
				SWIFT_VERSION = 5.0;
				TARGETED_DEVICE_FAMILY = "1,2";
				TEST_TARGET_NAME = "Geographic-atlas";
			};
			name = Debug;
		};
		18CC638A2A0E376600EDD37C /* Release */ = {
			isa = XCBuildConfiguration;
			buildSettings = {
				ALWAYS_EMBED_SWIFT_STANDARD_LIBRARIES = YES;
				CODE_SIGN_STYLE = Automatic;
				CURRENT_PROJECT_VERSION = 1;
				DEVELOPMENT_TEAM = R5H4JGLB35;
				GENERATE_INFOPLIST_FILE = YES;
				MARKETING_VERSION = 1.0;
				PRODUCT_BUNDLE_IDENTIFIER = "isaev.Geographic-atlasUITests";
				PRODUCT_NAME = "$(TARGET_NAME)";
				SWIFT_EMIT_LOC_STRINGS = NO;
				SWIFT_VERSION = 5.0;
				TARGETED_DEVICE_FAMILY = "1,2";
				TEST_TARGET_NAME = "Geographic-atlas";
			};
			name = Release;
		};
/* End XCBuildConfiguration section */

/* Begin XCConfigurationList section */
		18CC63532A0E376400EDD37C /* Build configuration list for PBXProject "Geographic-atlas" */ = {
			isa = XCConfigurationList;
			buildConfigurations = (
				18CC63802A0E376600EDD37C /* Debug */,
				18CC63812A0E376600EDD37C /* Release */,
			);
			defaultConfigurationIsVisible = 0;
			defaultConfigurationName = Release;
		};
		18CC63822A0E376600EDD37C /* Build configuration list for PBXNativeTarget "Geographic-atlas" */ = {
			isa = XCConfigurationList;
			buildConfigurations = (
				18CC63832A0E376600EDD37C /* Debug */,
				18CC63842A0E376600EDD37C /* Release */,
			);
			defaultConfigurationIsVisible = 0;
			defaultConfigurationName = Release;
		};
		18CC63852A0E376600EDD37C /* Build configuration list for PBXNativeTarget "Geographic-atlasTests" */ = {
			isa = XCConfigurationList;
			buildConfigurations = (
				18CC63862A0E376600EDD37C /* Debug */,
				18CC63872A0E376600EDD37C /* Release */,
			);
			defaultConfigurationIsVisible = 0;
			defaultConfigurationName = Release;
		};
		18CC63882A0E376600EDD37C /* Build configuration list for PBXNativeTarget "Geographic-atlasUITests" */ = {
			isa = XCConfigurationList;
			buildConfigurations = (
				18CC63892A0E376600EDD37C /* Debug */,
				18CC638A2A0E376600EDD37C /* Release */,
			);
			defaultConfigurationIsVisible = 0;
			defaultConfigurationName = Release;
		};
/* End XCConfigurationList section */

/* Begin XCRemoteSwiftPackageReference section */
		18CC63962A0E3CC500EDD37C /* XCRemoteSwiftPackageReference "SkeletonView" */ = {
			isa = XCRemoteSwiftPackageReference;
			repositoryURL = "https://github.com/Juanpe/SkeletonView.git";
			requirement = {
				kind = upToNextMajorVersion;
				minimumVersion = 1.0.0;
			};
		};
		18CC63992A0E3CDD00EDD37C /* XCRemoteSwiftPackageReference "Kingfisher" */ = {
			isa = XCRemoteSwiftPackageReference;
			repositoryURL = "https://github.com/onevcat/Kingfisher.git";
			requirement = {
				kind = upToNextMajorVersion;
				minimumVersion = 7.0.0;
			};
		};
/* End XCRemoteSwiftPackageReference section */

/* Begin XCSwiftPackageProductDependency section */
		18CC63972A0E3CC500EDD37C /* SkeletonView */ = {
			isa = XCSwiftPackageProductDependency;
			package = 18CC63962A0E3CC500EDD37C /* XCRemoteSwiftPackageReference "SkeletonView" */;
			productName = SkeletonView;
		};
		18CC639A2A0E3CDD00EDD37C /* Kingfisher */ = {
			isa = XCSwiftPackageProductDependency;
			package = 18CC63992A0E3CDD00EDD37C /* XCRemoteSwiftPackageReference "Kingfisher" */;
			productName = Kingfisher;
		};
/* End XCSwiftPackageProductDependency section */
	};
	rootObject = 18CC63502A0E376400EDD37C /* Project object */;
}
